# This file is generated by running "yarn install" inside your project.
# Manual changes might be lost - proceed with caution!

__metadata:
  version: 4
  cacheKey: 8

"date-fns@npm:2.25.0":
  version: 2.25.0
  resolution: "date-fns@npm:2.25.0"
  checksum: 8896dc1dde0ee5ef77616942423bfa11fa2017a5ac19457293b7aaedc8822ff94f0a14eaf93da573b09b601dc0149eb430988a046cc9f79a2eb15f8c66c9c50c
  languageName: node
  linkType: hard

"date-fns@patch:date-fns@npm:2.25.0#.yarn/patches/date-fns-npm-2.25.0-fe211b387d::locator=yarn-patch-date-fns%40workspace%3A.":
  version: 2.25.0
  resolution: "date-fns@patch:date-fns@npm%3A2.25.0#.yarn/patches/date-fns-npm-2.25.0-fe211b387d::version=2.25.0&hash=3b2a07&locator=yarn-patch-date-fns%40workspace%3A."
  checksum: ec56e7efe9316ddab228505b2881e0dfba96151eda24adfafe1fe9907341832f3cf2274be3d8c68ae4c80bb26e909361abd1b3eb93055bbc531ecce47c60e0c7
  languageName: node
  linkType: hard

"yarn-patch-date-fns@workspace:.":
  version: 0.0.0-use.local
  resolution: "yarn-patch-date-fns@workspace:."
  dependencies:
    date-fns: ^2.25.0
  languageName: unknown
  linkType: soft
